{
  "name": "wildwebdeveloper-node-languageservers",
  "version": "0.1.0",
  "lockfileVersion": 1,
  "requires": true,
  "dependencies": {
    "ansi-color": {
      "version": "0.2.1",
      "resolved": "https://registry.npmjs.org/ansi-color/-/ansi-color-0.2.1.tgz",
      "integrity": "sha1-PnXAN0dSF1RO12Oo21cJ+prlv5o="
    },
    "ansi-styles": {
      "version": "3.2.1",
      "resolved": "https://registry.npmjs.org/ansi-styles/-/ansi-styles-3.2.1.tgz",
      "integrity": "sha512-VT0ZI6kZRdTh8YyJw3SMbYm/u+NqfsAxEpWO0Pf9sq8/e94WxxOpPKx9FR1FlyCtOVDNOQ+8ntlqFxiRc+r5qA==",
      "requires": {
        "color-convert": "1.9.2"
      }
    },
    "any-promise": {
      "version": "1.3.0",
      "resolved": "https://registry.npmjs.org/any-promise/-/any-promise-1.3.0.tgz",
      "integrity": "sha1-q8av7tzqUugJzcA3au0845Y10X8="
    },
    "assertion-error": {
      "version": "1.1.0",
      "resolved": "https://registry.npmjs.org/assertion-error/-/assertion-error-1.1.0.tgz",
      "integrity": "sha512-jgsaNduz+ndvGyFt3uSuWqvy4lCnIJiovtouQN5JZHOKCS2QuhEdbcQHFhVksz2N2U9hXJo8odG7ETyWlEeuDw=="
    },
    "balanced-match": {
      "version": "1.0.0",
      "resolved": "https://registry.npmjs.org/balanced-match/-/balanced-match-1.0.0.tgz",
      "integrity": "sha1-ibTRmasr7kneFk6gK4nORi1xt2c="
    },
    "brace-expansion": {
      "version": "1.1.11",
      "resolved": "https://registry.npmjs.org/brace-expansion/-/brace-expansion-1.1.11.tgz",
      "integrity": "sha512-iCuPHDFgrHX7H2vEI/5xpz07zSHB00TpugqhmYtVmMO6518mCuRMoOYFldEBl0g187ufozdaHgWKcYFb61qGiA==",
      "requires": {
        "balanced-match": "1.0.0",
        "concat-map": "0.0.1"
      }
    },
    "bufrw": {
      "version": "1.2.1",
      "resolved": "https://registry.npmjs.org/bufrw/-/bufrw-1.2.1.tgz",
      "integrity": "sha1-k/IiIptPX14s1VkjaJFAf5hTZjs=",
      "requires": {
        "ansi-color": "0.2.1",
        "error": "7.0.2",
        "xtend": "4.0.1"
      }
    },
    "chai": {
      "version": "4.1.2",
      "resolved": "https://registry.npmjs.org/chai/-/chai-4.1.2.tgz",
      "integrity": "sha1-D2RYS6ZC8PKs4oBiefTwbKI61zw=",
      "requires": {
        "assertion-error": "1.1.0",
        "check-error": "1.0.2",
        "deep-eql": "3.0.1",
        "get-func-name": "2.0.0",
        "pathval": "1.1.0",
        "type-detect": "4.0.8"
      }
    },
    "chai-as-promised": {
      "version": "7.1.1",
      "resolved": "https://registry.npmjs.org/chai-as-promised/-/chai-as-promised-7.1.1.tgz",
      "integrity": "sha512-azL6xMoi+uxu6z4rhWQ1jbdUhOMhis2PvscD/xjLqNMkv3BPPp2JyyuTHOrf9BOosGpNQ11v6BKv/g57RXbiaA==",
      "requires": {
        "check-error": "1.0.2"
      }
    },
    "chalk": {
      "version": "2.4.1",
      "resolved": "https://registry.npmjs.org/chalk/-/chalk-2.4.1.tgz",
      "integrity": "sha512-ObN6h1v2fTJSmUXoS3nMQ92LbDK9be4TV+6G+omQlGJFdcUX5heKi1LZ1YnRMIgwTLEj3E24bT6tYni50rlCfQ==",
      "requires": {
        "ansi-styles": "3.2.1",
        "escape-string-regexp": "1.0.5",
        "supports-color": "5.4.0"
      }
    },
    "check-error": {
      "version": "1.0.2",
      "resolved": "https://registry.npmjs.org/check-error/-/check-error-1.0.2.tgz",
      "integrity": "sha1-V00xLt2Iu13YkS6Sht1sCu1KrII="
    },
    "color-convert": {
      "version": "1.9.2",
      "resolved": "https://registry.npmjs.org/color-convert/-/color-convert-1.9.2.tgz",
      "integrity": "sha512-3NUJZdhMhcdPn8vJ9v2UQJoH0qqoGUkYTgFEPZaPjEtwmmKUfNV46zZmgB2M5M4DCEQHMaCfWHCxiBflLm04Tg==",
      "requires": {
        "color-name": "1.1.1"
      }
    },
    "color-name": {
      "version": "1.1.1",
      "resolved": "https://registry.npmjs.org/color-name/-/color-name-1.1.1.tgz",
      "integrity": "sha1-SxQVMEz1ACjqgWQ2Q72C6gWANok="
    },
    "commander": {
      "version": "2.16.0",
      "resolved": "https://registry.npmjs.org/commander/-/commander-2.16.0.tgz",
      "integrity": "sha512-sVXqklSaotK9at437sFlFpyOcJonxe0yST/AG9DkQKUdIE6IqGIMv4SfAQSKaJbSdVEJYItASCrBiVQHq1HQew=="
    },
    "concat-map": {
      "version": "0.0.1",
      "resolved": "https://registry.npmjs.org/concat-map/-/concat-map-0.0.1.tgz",
      "integrity": "sha1-2Klr13/Wjfd5OnMDajug1UBdR3s="
    },
    "deep-eql": {
      "version": "3.0.1",
      "resolved": "https://registry.npmjs.org/deep-eql/-/deep-eql-3.0.1.tgz",
      "integrity": "sha512-+QeIQyN5ZuO+3Uk5DYh6/1eKO0m0YmJFGNmFHGACpf1ClL1nmlV/p4gNgbl2pJGxgXb4faqo6UE+M5ACEMyVcw==",
      "requires": {
        "type-detect": "4.0.8"
      }
    },
    "deep-equal": {
      "version": "1.0.1",
      "resolved": "https://registry.npmjs.org/deep-equal/-/deep-equal-1.0.1.tgz",
      "integrity": "sha1-9dJgKStmDghO/0zbyfCK0yR0SLU="
    },
    "error": {
      "version": "7.0.2",
      "resolved": "https://registry.npmjs.org/error/-/error-7.0.2.tgz",
      "integrity": "sha1-pfdf/02ZJhJt2sDqXcOOaJFTywI=",
      "requires": {
        "string-template": "0.2.1",
        "xtend": "4.0.1"
      }
    },
    "escape-string-regexp": {
      "version": "1.0.5",
      "resolved": "https://registry.npmjs.org/escape-string-regexp/-/escape-string-regexp-1.0.5.tgz",
      "integrity": "sha1-G2HAViGQqN/2rjuyzwIAyhMLhtQ="
    },
    "fast-json-patch": {
      "version": "2.0.6",
      "resolved": "https://registry.npmjs.org/fast-json-patch/-/fast-json-patch-2.0.6.tgz",
      "integrity": "sha1-hv/4+GYjkaqBlyKGTWMuYD5u5gU=",
      "requires": {
        "deep-equal": "1.0.1"
      }
    },
    "fs.realpath": {
      "version": "1.0.0",
      "resolved": "https://registry.npmjs.org/fs.realpath/-/fs.realpath-1.0.0.tgz",
      "integrity": "sha1-FQStJSMVjKpA20onh8sBQRmU6k8="
    },
    "get-func-name": {
      "version": "2.0.0",
      "resolved": "https://registry.npmjs.org/get-func-name/-/get-func-name-2.0.0.tgz",
      "integrity": "sha1-6td0q+5y4gQJQzoGY2YCPdaIekE="
    },
    "glob": {
      "version": "7.1.2",
      "resolved": "https://registry.npmjs.org/glob/-/glob-7.1.2.tgz",
      "integrity": "sha512-MJTUg1kjuLeQCJ+ccE4Vpa6kKVXkPYJ2mOCQyUuKLcLQsdrMCpBPUi8qVE6+YuaJkozeA9NusTAw3hLr8Xe5EQ==",
      "requires": {
        "fs.realpath": "1.0.0",
        "inflight": "1.0.6",
        "inherits": "2.0.3",
        "minimatch": "3.0.4",
        "once": "1.4.0",
        "path-is-absolute": "1.0.1"
      }
    },
    "has-flag": {
      "version": "3.0.0",
      "resolved": "https://registry.npmjs.org/has-flag/-/has-flag-3.0.0.tgz",
      "integrity": "sha1-tdRU3CGZriJWmfNGfloH87lVuv0="
    },
    "inflight": {
      "version": "1.0.6",
      "resolved": "https://registry.npmjs.org/inflight/-/inflight-1.0.6.tgz",
      "integrity": "sha1-Sb1jMdfQLQwJvJEKEHW6gWW1bfk=",
      "requires": {
        "once": "1.4.0",
        "wrappy": "1.0.2"
      }
    },
    "inherits": {
      "version": "2.0.3",
      "resolved": "https://registry.npmjs.org/inherits/-/inherits-2.0.3.tgz",
      "integrity": "sha1-Yzwsg+PaQqUC9SRmAiSA9CCCYd4="
    },
    "iterare": {
      "version": "0.0.8",
      "resolved": "https://registry.npmjs.org/iterare/-/iterare-0.0.8.tgz",
      "integrity": "sha1-qWmoCh+/9rePKHdllNe8K9+raq0="
    },
    "jaeger-client": {
      "version": "3.11.0",
      "resolved": "https://registry.npmjs.org/jaeger-client/-/jaeger-client-3.11.0.tgz",
      "integrity": "sha1-Szi4IN0qj+NVqB9NhNhbxGPJXSA=",
      "requires": {
        "node-int64": "0.4.0",
        "opentracing": "0.13.0",
        "thriftrw": "3.11.2",
        "uuid": "3.3.2",
        "xorshift": "0.2.1"
      },
      "dependencies": {
        "opentracing": {
          "version": "0.13.0",
          "resolved": "https://registry.npmjs.org/opentracing/-/opentracing-0.13.0.tgz",
          "integrity": "sha1-ajQUQvCdfYZrwR7QPeHjgo49aqs="
        }
      }
    },
    "javascript-typescript-langserver": {
      "version": "2.10.0",
      "resolved": "https://registry.npmjs.org/javascript-typescript-langserver/-/javascript-typescript-langserver-2.10.0.tgz",
      "integrity": "sha512-y8IOlo8Ml/CFuvr8pFdaMpNV43W5eZhTl5UZuRxKGxX08PSi3OZsYjr5gMYsKT5ZzMNk/U+MqZXJNh6Ccm30hQ==",
      "requires": {
        "chai": "4.1.2",
        "chai-as-promised": "7.1.1",
        "chalk": "2.4.1",
        "commander": "2.16.0",
        "fast-json-patch": "2.0.6",
        "glob": "7.1.2",
        "iterare": "0.0.8",
        "jaeger-client": "3.11.0",
        "lodash": "4.17.10",
        "mz": "2.7.0",
        "object-hash": "1.3.0",
        "opentracing": "0.14.3",
        "rxjs": "5.5.11",
        "semaphore-async-await": "1.5.1",
        "string-similarity": "1.2.0",
        "typescript": "2.8.3",
        "vscode-jsonrpc": "3.6.2",
        "vscode-languageserver": "4.3.0",
        "vscode-languageserver-types": "3.9.0"
      }
    },
    "lodash": {
      "version": "4.17.10",
      "resolved": "https://registry.npmjs.org/lodash/-/lodash-4.17.10.tgz",
      "integrity": "sha512-UejweD1pDoXu+AD825lWwp4ZGtSwgnpZxb3JDViD7StjQz+Nb/6l093lx4OQ0foGWNRoc19mWy7BzL+UAK2iVg=="
    },
    "long": {
      "version": "2.4.0",
      "resolved": "https://registry.npmjs.org/long/-/long-2.4.0.tgz",
      "integrity": "sha1-n6GAux2VAM3CnEFWdmoZleH0Uk8="
    },
    "minimatch": {
      "version": "3.0.4",
      "resolved": "https://registry.npmjs.org/minimatch/-/minimatch-3.0.4.tgz",
      "integrity": "sha512-yJHVQEhyqPLUTgt9B83PXu6W3rx4MvvHvSUvToogpwoGDOUQ+yDrR0HRot+yOCdCO7u4hX3pWft6kWBBcqh0UA==",
      "requires": {
        "brace-expansion": "1.1.11"
      }
    },
    "mz": {
      "version": "2.7.0",
      "resolved": "https://registry.npmjs.org/mz/-/mz-2.7.0.tgz",
      "integrity": "sha512-z81GNO7nnYMEhrGh9LeymoE4+Yr0Wn5McHIZMK5cfQCl+NDX08sCZgUc9/6MHni9IWuFLm1Z3HTCXu2z9fN62Q==",
      "requires": {
        "any-promise": "1.3.0",
        "object-assign": "4.1.1",
        "thenify-all": "1.6.0"
      }
    },
    "node-int64": {
      "version": "0.4.0",
      "resolved": "https://registry.npmjs.org/node-int64/-/node-int64-0.4.0.tgz",
      "integrity": "sha1-h6kGXNs1XTGC2PlM4RGIuCXGijs="
    },
    "object-assign": {
      "version": "4.1.1",
      "resolved": "https://registry.npmjs.org/object-assign/-/object-assign-4.1.1.tgz",
      "integrity": "sha1-IQmtx5ZYh8/AXLvUQsrIv7s2CGM="
    },
    "object-hash": {
      "version": "1.3.0",
      "resolved": "https://registry.npmjs.org/object-hash/-/object-hash-1.3.0.tgz",
      "integrity": "sha512-05KzQ70lSeGSrZJQXE5wNDiTkBJDlUT/myi6RX9dVIvz7a7Qh4oH93BQdiPMn27nldYvVQCKMUaM83AfizZlsQ=="
    },
    "once": {
      "version": "1.4.0",
      "resolved": "https://registry.npmjs.org/once/-/once-1.4.0.tgz",
      "integrity": "sha1-WDsap3WWHUsROsF9nFC6753Xa9E=",
      "requires": {
        "wrappy": "1.0.2"
      }
    },
    "opentracing": {
      "version": "0.14.3",
      "resolved": "https://registry.npmjs.org/opentracing/-/opentracing-0.14.3.tgz",
      "integrity": "sha1-I+OtAp+mamU5Jq2+V+g0Rp+FUKo="
    },
    "path-is-absolute": {
      "version": "1.0.1",
      "resolved": "https://registry.npmjs.org/path-is-absolute/-/path-is-absolute-1.0.1.tgz",
      "integrity": "sha1-F0uSaHNVNP+8es5r9TpanhtcX18="
    },
    "pathval": {
      "version": "1.1.0",
      "resolved": "https://registry.npmjs.org/pathval/-/pathval-1.1.0.tgz",
      "integrity": "sha1-uULm1L3mUwBe9rcTYd74cn0GReA="
    },
    "rxjs": {
      "version": "5.5.11",
      "resolved": "https://registry.npmjs.org/rxjs/-/rxjs-5.5.11.tgz",
      "integrity": "sha512-3bjO7UwWfA2CV7lmwYMBzj4fQ6Cq+ftHc2MvUe+WMS7wcdJ1LosDWmdjPQanYp2dBRj572p7PeU81JUxHKOcBA==",
      "requires": {
        "symbol-observable": "1.0.1"
      }
    },
    "semaphore-async-await": {
      "version": "1.5.1",
      "resolved": "https://registry.npmjs.org/semaphore-async-await/-/semaphore-async-await-1.5.1.tgz",
      "integrity": "sha1-hXvvXjZEYBykuVcLh+nfXKEpdPo="
    },
    "string-similarity": {
      "version": "1.2.0",
      "resolved": "https://registry.npmjs.org/string-similarity/-/string-similarity-1.2.0.tgz",
      "integrity": "sha1-11FTyzg4RjGLejmo2SkrtNtOnDA=",
      "requires": {
        "lodash": "4.17.10"
      }
    },
    "string-template": {
      "version": "0.2.1",
      "resolved": "https://registry.npmjs.org/string-template/-/string-template-0.2.1.tgz",
      "integrity": "sha1-QpMuWYo1LQH8IuwzZ9nYTuxsmt0="
    },
    "supports-color": {
      "version": "5.4.0",
      "resolved": "https://registry.npmjs.org/supports-color/-/supports-color-5.4.0.tgz",
      "integrity": "sha512-zjaXglF5nnWpsq470jSv6P9DwPvgLkuapYmfDm3JWOm0vkNTVF2tI4UrN2r6jH1qM/uc/WtxYY1hYoA2dOKj5w==",
      "requires": {
        "has-flag": "3.0.0"
      }
    },
    "symbol-observable": {
      "version": "1.0.1",
      "resolved": "https://registry.npmjs.org/symbol-observable/-/symbol-observable-1.0.1.tgz",
      "integrity": "sha1-g0D8RwLDEi310iKI+IKD9RPT/dQ="
    },
    "thenify": {
      "version": "3.3.0",
      "resolved": "https://registry.npmjs.org/thenify/-/thenify-3.3.0.tgz",
      "integrity": "sha1-5p44obq+lpsBCCB5eLn2K4hgSDk=",
      "requires": {
        "any-promise": "1.3.0"
      }
    },
    "thenify-all": {
      "version": "1.6.0",
      "resolved": "https://registry.npmjs.org/thenify-all/-/thenify-all-1.6.0.tgz",
      "integrity": "sha1-GhkY1ALY/D+Y+/I02wvMjMEOlyY=",
      "requires": {
        "thenify": "3.3.0"
      }
    },
    "thriftrw": {
      "version": "3.11.2",
      "resolved": "https://registry.npmjs.org/thriftrw/-/thriftrw-3.11.2.tgz",
      "integrity": "sha512-3iCowlHgCEXjabCkurHTaECb2+U0V+NzqBmwfKHn8fzJJwXd/oDo7Wh6Vs0kaESN7YNJMRPC8ObL3AfQ1gxKmQ==",
      "requires": {
        "bufrw": "1.2.1",
        "error": "7.0.2",
        "long": "2.4.0"
      }
    },
    "type-detect": {
      "version": "4.0.8",
      "resolved": "https://registry.npmjs.org/type-detect/-/type-detect-4.0.8.tgz",
      "integrity": "sha512-0fr/mIH1dlO+x7TlcMy+bIDqKPsw/70tVyeHW787goQjhmqaZe10uwLujubK9q9Lg6Fiho1KUKDYz0Z7k7g5/g=="
    },
    "typescript": {
      "version": "2.8.3",
      "resolved": "https://registry.npmjs.org/typescript/-/typescript-2.8.3.tgz",
      "integrity": "sha512-K7g15Bb6Ra4lKf7Iq2l/I5/En+hLIHmxWZGq3D4DIRNFxMNV6j2SHSvDOqs2tGd4UvD/fJvrwopzQXjLrT7Itw=="
    },
    "uuid": {
      "version": "3.3.2",
      "resolved": "https://registry.npmjs.org/uuid/-/uuid-3.3.2.tgz",
      "integrity": "sha512-yXJmeNaw3DnnKAOKJE51sL/ZaYfWJRl1pK9dr19YFCu0ObS231AB1/LbqTKRAQ5kw8A90rA6fr4riOUpTZvQZA=="
    },
    "vscode-css-languageserver": {
      "version": "file:../target/vscode/VSCode-linux-x64/resources/app/extensions/css-language-features/server",
      "requires": {
        "vscode-css-languageservice": "3.0.9-next.20",
        "vscode-languageserver": "4.1.3",
        "vscode-languageserver-protocol-foldingprovider": "2.0.1"
      },
      "dependencies": {
        "ansi-regex": {
          "version": "3.0.0",
          "bundled": true
        },
        "balanced-match": {
          "version": "1.0.0",
          "bundled": true
        },
        "brace-expansion": {
          "version": "1.1.11",
          "bundled": true,
          "requires": {
            "balanced-match": "1.0.0",
            "concat-map": "0.0.1"
          }
        },
        "browser-stdout": {
          "version": "1.3.1",
          "bundled": true
        },
        "charenc": {
          "version": "0.0.2",
          "bundled": true
        },
        "commander": {
          "version": "2.15.1",
          "bundled": true
        },
        "concat-map": {
          "version": "0.0.1",
          "bundled": true
        },
        "crypt": {
          "version": "0.0.2",
          "bundled": true
        },
        "debug": {
          "version": "3.1.0",
          "bundled": true,
          "requires": {
            "ms": "2.0.0"
          }
        },
        "diff": {
          "version": "3.5.0",
          "bundled": true
        },
        "escape-string-regexp": {
          "version": "1.0.5",
          "bundled": true
        },
        "fs.realpath": {
          "version": "1.0.0",
          "bundled": true
        },
        "glob": {
          "version": "7.1.2",
          "bundled": true,
          "requires": {
            "fs.realpath": "1.0.0",
            "inflight": "1.0.6",
            "inherits": "2.0.3",
            "minimatch": "3.0.4",
            "once": "1.4.0",
            "path-is-absolute": "1.0.1"
          }
        },
        "growl": {
          "version": "1.10.5",
          "bundled": true
        },
        "has-flag": {
          "version": "3.0.0",
          "bundled": true
        },
        "he": {
          "version": "1.1.1",
          "bundled": true
        },
        "inflight": {
          "version": "1.0.6",
          "bundled": true,
          "requires": {
            "once": "1.4.0",
            "wrappy": "1.0.2"
          }
        },
        "inherits": {
          "version": "2.0.3",
          "bundled": true
        },
        "is-buffer": {
          "version": "1.1.6",
          "bundled": true
        },
        "lodash": {
          "version": "4.17.10",
          "bundled": true
        },
        "md5": {
          "version": "2.2.1",
          "bundled": true,
          "requires": {
            "charenc": "0.0.2",
            "crypt": "0.0.2",
            "is-buffer": "1.1.6"
          }
        },
        "minimatch": {
          "version": "3.0.4",
          "bundled": true,
          "requires": {
            "brace-expansion": "1.1.11"
          }
        },
        "minimist": {
          "version": "0.0.8",
          "bundled": true
        },
        "mkdirp": {
          "version": "0.5.1",
          "bundled": true,
          "requires": {
            "minimist": "0.0.8"
          }
        },
        "mocha": {
          "version": "5.2.0",
          "bundled": true,
          "requires": {
            "browser-stdout": "1.3.1",
            "commander": "2.15.1",
            "debug": "3.1.0",
            "diff": "3.5.0",
            "escape-string-regexp": "1.0.5",
            "glob": "7.1.2",
            "growl": "1.10.5",
            "he": "1.1.1",
            "minimatch": "3.0.4",
            "mkdirp": "0.5.1",
            "supports-color": "5.4.0"
          }
        },
        "mocha-junit-reporter": {
          "version": "1.17.0",
          "bundled": true,
          "requires": {
            "debug": "2.6.9",
            "md5": "2.2.1",
            "mkdirp": "0.5.1",
            "strip-ansi": "4.0.0",
            "xml": "1.0.1"
          },
          "dependencies": {
            "debug": {
              "version": "2.6.9",
              "bundled": true,
              "requires": {
                "ms": "2.0.0"
              }
            }
          }
        },
        "mocha-multi-reporters": {
          "version": "1.1.7",
          "bundled": true,
          "requires": {
            "debug": "3.1.0",
            "lodash": "4.17.10"
          }
        },
        "ms": {
          "version": "2.0.0",
          "bundled": true
        },
        "once": {
          "version": "1.4.0",
          "bundled": true,
          "requires": {
            "wrappy": "1.0.2"
          }
        },
        "path-is-absolute": {
          "version": "1.0.1",
          "bundled": true
        },
        "strip-ansi": {
          "version": "4.0.0",
          "bundled": true,
          "requires": {
            "ansi-regex": "3.0.0"
          }
        },
        "supports-color": {
          "version": "5.4.0",
          "bundled": true,
          "requires": {
            "has-flag": "3.0.0"
          }
        },
        "vscode-css-languageservice": {
          "version": "3.0.9-next.20",
          "bundled": true,
          "requires": {
            "vscode-languageserver-types": "3.7.2",
            "vscode-nls": "3.2.2"
          }
        },
        "vscode-jsonrpc": {
          "version": "3.6.2",
          "bundled": true
        },
        "vscode-languageserver": {
          "version": "4.1.3",
          "bundled": true,
          "requires": {
            "vscode-languageserver-protocol": "3.7.2",
            "vscode-uri": "1.0.1"
          }
        },
        "vscode-languageserver-protocol": {
          "version": "3.7.2",
          "bundled": true,
          "requires": {
            "vscode-jsonrpc": "3.6.2",
            "vscode-languageserver-types": "3.7.2"
          }
        },
        "vscode-languageserver-protocol-foldingprovider": {
          "version": "2.0.1",
          "bundled": true,
          "requires": {
            "vscode-languageserver-protocol": "3.7.2",
            "vscode-languageserver-types": "3.7.2"
          }
        },
        "vscode-languageserver-types": {
          "version": "3.7.2",
          "bundled": true
        },
        "vscode-nls": {
          "version": "3.2.2",
          "bundled": true
        },
        "vscode-uri": {
          "version": "1.0.1",
          "bundled": true
        },
        "wrappy": {
          "version": "1.0.2",
          "bundled": true
        },
        "xml": {
          "version": "1.0.1",
          "bundled": true
        }
      }
    },
    "vscode-html-languageserver": {
      "version": "file:../target/vscode/VSCode-linux-x64/resources/app/extensions/html-language-features/server",
      "requires": {
        "vscode-css-languageservice": "3.0.9-next.20",
        "vscode-html-languageservice": "2.1.3-next.5",
        "vscode-languageserver": "4.1.3",
        "vscode-languageserver-protocol-foldingprovider": "2.0.1",
        "vscode-languageserver-types": "3.7.2",
        "vscode-nls": "3.2.2",
        "vscode-uri": "1.0.3"
      },
      "dependencies": {
        "ansi-regex": {
          "version": "3.0.0",
          "bundled": true
        },
        "balanced-match": {
          "version": "1.0.0",
          "bundled": true
        },
        "brace-expansion": {
          "version": "1.1.11",
          "bundled": true,
          "requires": {
            "balanced-match": "1.0.0",
            "concat-map": "0.0.1"
          }
        },
        "browser-stdout": {
          "version": "1.3.1",
          "bundled": true
        },
        "charenc": {
          "version": "0.0.2",
          "bundled": true
        },
        "commander": {
          "version": "2.15.1",
          "bundled": true
        },
        "concat-map": {
          "version": "0.0.1",
          "bundled": true
        },
        "crypt": {
          "version": "0.0.2",
          "bundled": true
        },
        "debug": {
          "version": "3.1.0",
          "bundled": true,
          "requires": {
            "ms": "2.0.0"
          }
        },
        "diff": {
          "version": "3.5.0",
          "bundled": true
        },
        "escape-string-regexp": {
          "version": "1.0.5",
          "bundled": true
        },
        "fs.realpath": {
          "version": "1.0.0",
          "bundled": true
        },
        "glob": {
          "version": "7.1.2",
          "bundled": true,
          "requires": {
            "fs.realpath": "1.0.0",
            "inflight": "1.0.6",
            "inherits": "2.0.3",
            "minimatch": "3.0.4",
            "once": "1.4.0",
            "path-is-absolute": "1.0.1"
          }
        },
        "growl": {
          "version": "1.10.5",
          "bundled": true
        },
        "has-flag": {
          "version": "3.0.0",
          "bundled": true
        },
        "he": {
          "version": "1.1.1",
          "bundled": true
        },
        "inflight": {
          "version": "1.0.6",
          "bundled": true,
          "requires": {
            "once": "1.4.0",
            "wrappy": "1.0.2"
          }
        },
        "inherits": {
          "version": "2.0.3",
          "bundled": true
        },
        "is-buffer": {
          "version": "1.1.6",
          "bundled": true
        },
        "lodash": {
          "version": "4.17.10",
          "bundled": true
        },
        "md5": {
          "version": "2.2.1",
          "bundled": true,
          "requires": {
            "charenc": "0.0.2",
            "crypt": "0.0.2",
            "is-buffer": "1.1.6"
          }
        },
        "minimatch": {
          "version": "3.0.4",
          "bundled": true,
          "requires": {
            "brace-expansion": "1.1.11"
          }
        },
        "minimist": {
          "version": "0.0.8",
          "bundled": true
        },
        "mkdirp": {
          "version": "0.5.1",
          "bundled": true,
          "requires": {
            "minimist": "0.0.8"
          }
        },
        "mocha": {
          "version": "5.2.0",
          "bundled": true,
          "requires": {
            "browser-stdout": "1.3.1",
            "commander": "2.15.1",
            "debug": "3.1.0",
            "diff": "3.5.0",
            "escape-string-regexp": "1.0.5",
            "glob": "7.1.2",
            "growl": "1.10.5",
            "he": "1.1.1",
            "minimatch": "3.0.4",
            "mkdirp": "0.5.1",
            "supports-color": "5.4.0"
          }
        },
        "mocha-junit-reporter": {
          "version": "1.17.0",
          "bundled": true,
          "requires": {
            "debug": "2.6.9",
            "md5": "2.2.1",
            "mkdirp": "0.5.1",
            "strip-ansi": "4.0.0",
            "xml": "1.0.1"
          },
          "dependencies": {
            "debug": {
              "version": "2.6.9",
              "bundled": true,
              "requires": {
                "ms": "2.0.0"
              }
            }
          }
        },
        "mocha-multi-reporters": {
          "version": "1.1.7",
          "bundled": true,
          "requires": {
            "debug": "3.1.0",
            "lodash": "4.17.10"
          }
        },
        "ms": {
          "version": "2.0.0",
          "bundled": true
        },
        "once": {
          "version": "1.4.0",
          "bundled": true,
          "requires": {
            "wrappy": "1.0.2"
          }
        },
        "path-is-absolute": {
          "version": "1.0.1",
          "bundled": true
        },
        "strip-ansi": {
          "version": "4.0.0",
          "bundled": true,
          "requires": {
            "ansi-regex": "3.0.0"
          }
        },
        "supports-color": {
          "version": "5.4.0",
          "bundled": true,
          "requires": {
            "has-flag": "3.0.0"
          }
        },
        "vscode-css-languageservice": {
          "version": "3.0.9-next.20",
          "bundled": true,
          "requires": {
            "vscode-languageserver-types": "3.7.2",
            "vscode-nls": "3.2.2"
          }
        },
        "vscode-html-languageservice": {
          "version": "2.1.3-next.5",
          "bundled": true,
          "requires": {
            "vscode-languageserver-types": "3.7.2",
            "vscode-nls": "3.2.2",
            "vscode-uri": "1.0.3"
          }
        },
        "vscode-jsonrpc": {
          "version": "3.6.2",
          "bundled": true
        },
        "vscode-languageserver": {
          "version": "4.1.3",
          "bundled": true,
          "requires": {
            "vscode-languageserver-protocol": "3.7.2",
            "vscode-uri": "1.0.1"
          },
          "dependencies": {
            "vscode-uri": {
              "version": "1.0.1",
              "bundled": true
            }
          }
        },
        "vscode-languageserver-protocol": {
          "version": "3.7.2",
          "bundled": true,
          "requires": {
            "vscode-jsonrpc": "3.6.2",
            "vscode-languageserver-types": "3.7.2"
          }
        },
        "vscode-languageserver-protocol-foldingprovider": {
          "version": "2.0.1",
          "bundled": true,
          "requires": {
            "vscode-languageserver-protocol": "3.7.2",
            "vscode-languageserver-types": "3.7.2"
          }
        },
        "vscode-languageserver-types": {
          "version": "3.7.2",
          "bundled": true
        },
        "vscode-nls": {
          "version": "3.2.2",
          "bundled": true
        },
        "vscode-uri": {
          "version": "1.0.3",
          "bundled": true
        },
        "wrappy": {
          "version": "1.0.2",
          "bundled": true
        },
        "xml": {
          "version": "1.0.1",
          "bundled": true
        }
      }
    },
    "vscode-json-languageserver": {
      "version": "file:../target/vscode/VSCode-linux-x64/resources/app/extensions/json-language-features/server",
      "requires": {
        "jsonc-parser": "2.0.0-next.1",
        "request-light": "0.2.2",
        "vscode-json-languageservice": "3.1.2",
        "vscode-languageserver": "4.1.3",
        "vscode-languageserver-protocol-foldingprovider": "2.0.1",
        "vscode-nls": "3.2.2",
        "vscode-uri": "1.0.3"
      },
      "dependencies": {
        "agent-base": {
          "version": "4.1.2",
          "bundled": true,
          "requires": {
            "es6-promisify": "5.0.0"
          }
        },
        "debug": {
          "version": "2.6.9",
          "bundled": true,
          "requires": {
            "ms": "2.0.0"
          }
        },
        "es6-promise": {
          "version": "4.1.1",
          "bundled": true
        },
        "es6-promisify": {
          "version": "5.0.0",
          "bundled": true,
          "requires": {
            "es6-promise": "4.1.1"
          }
        },
        "http-proxy-agent": {
          "version": "2.0.0",
          "bundled": true,
          "requires": {
            "agent-base": "4.1.2",
            "debug": "2.6.9"
          }
        },
        "https-proxy-agent": {
          "version": "2.1.1",
          "bundled": true,
          "requires": {
            "agent-base": "4.1.2",
            "debug": "3.1.0"
          },
          "dependencies": {
            "debug": {
              "version": "3.1.0",
              "bundled": true,
              "requires": {
                "ms": "2.0.0"
              }
            }
          }
        },
        "jsonc-parser": {
          "version": "2.0.0-next.1",
          "bundled": true
        },
        "ms": {
          "version": "2.0.0",
          "bundled": true
        },
        "request-light": {
          "version": "0.2.2",
          "bundled": true,
          "requires": {
            "http-proxy-agent": "2.0.0",
            "https-proxy-agent": "2.1.1",
            "vscode-nls": "2.0.2"
          },
          "dependencies": {
            "vscode-nls": {
              "version": "2.0.2",
              "bundled": true
            }
          }
        },
        "vscode-json-languageservice": {
          "version": "3.1.2",
          "bundled": true,
          "requires": {
            "jsonc-parser": "2.0.1",
            "vscode-languageserver-types": "3.7.2",
            "vscode-nls": "3.2.2",
            "vscode-uri": "1.0.3"
          },
          "dependencies": {
            "jsonc-parser": {
              "version": "2.0.1",
              "bundled": true
            }
          }
        },
        "vscode-jsonrpc": {
          "version": "3.6.2",
          "bundled": true
        },
        "vscode-languageserver": {
          "version": "4.1.3",
          "bundled": true,
          "requires": {
            "vscode-languageserver-protocol": "3.7.2",
            "vscode-uri": "1.0.1"
          },
          "dependencies": {
            "vscode-uri": {
              "version": "1.0.1",
              "bundled": true
            }
          }
        },
        "vscode-languageserver-protocol": {
          "version": "3.7.2",
          "bundled": true,
          "requires": {
            "vscode-jsonrpc": "3.6.2",
            "vscode-languageserver-types": "3.7.2"
          }
        },
        "vscode-languageserver-protocol-foldingprovider": {
          "version": "2.0.1",
          "bundled": true,
          "requires": {
            "vscode-languageserver-protocol": "3.7.2",
            "vscode-languageserver-types": "3.7.2"
          }
        },
        "vscode-languageserver-types": {
          "version": "3.7.2",
          "bundled": true
        },
        "vscode-nls": {
          "version": "3.2.2",
          "bundled": true
        },
        "vscode-uri": {
          "version": "1.0.3",
          "bundled": true
        }
      }
    },
    "vscode-jsonrpc": {
      "version": "3.6.2",
      "resolved": "https://registry.npmjs.org/vscode-jsonrpc/-/vscode-jsonrpc-3.6.2.tgz",
      "integrity": "sha512-T24Jb5V48e4VgYliUXMnZ379ItbrXgOimweKaJshD84z+8q7ZOZjJan0MeDe+Ugb+uqERDVV8SBmemaGMSMugA=="
    },
    "vscode-languageserver": {
      "version": "4.3.0",
      "resolved": "https://registry.npmjs.org/vscode-languageserver/-/vscode-languageserver-4.3.0.tgz",
      "integrity": "sha512-4dTpnyTB6Q0HmMhxaG60rrpQthbTBlMtFX5cwJpPxcPzLZIFDWB3msR6TxGCzWpdYF11REIJihWByobpGkljdQ==",
      "requires": {
        "vscode-languageserver-protocol": "3.9.0",
        "vscode-uri": "1.0.5"
      }
    },
    "vscode-languageserver-protocol": {
      "version": "3.9.0",
      "resolved": "https://registry.npmjs.org/vscode-languageserver-protocol/-/vscode-languageserver-protocol-3.9.0.tgz",
      "integrity": "sha512-i1sG5iU88Mocc7egTeh6dAow/yRWpPK5PLJaxsWsKiA+dspq1Yzr/R1bNLPc+6P/ab010lXhzdUHQY0CuIUyDw==",
      "requires": {
        "vscode-jsonrpc": "3.6.2",
        "vscode-languageserver-types": "3.9.0"
      }
    },
    "vscode-languageserver-types": {
      "version": "3.9.0",
      "resolved": "https://registry.npmjs.org/vscode-languageserver-types/-/vscode-languageserver-types-3.9.0.tgz",
      "integrity": "sha512-Qzh3VsU3t0zhKtYl1revyax+4gGHl2ejNzYXeiZYQMF3i0vX4dtPohxGDFoZYfGFQI738aXYbSUQmhLeBckDlQ=="
    },
    "vscode-uri": {
      "version": "1.0.5",
      "resolved": "https://registry.npmjs.org/vscode-uri/-/vscode-uri-1.0.5.tgz",
      "integrity": "sha1-O4majvccN/MFTXm9vdoxx7828g0="
    },
    "wrappy": {
      "version": "1.0.2",
      "resolved": "https://registry.npmjs.org/wrappy/-/wrappy-1.0.2.tgz",
      "integrity": "sha1-tSQ9jz7BqjXxNkYFvA0QNuMKtp8="
    },
    "xorshift": {
      "version": "0.2.1",
      "resolved": "https://registry.npmjs.org/xorshift/-/xorshift-0.2.1.tgz",
      "integrity": "sha1-/NgiZ+k1HBPw+5xzMH8lMx0pxjo="
    },
    "xtend": {
      "version": "4.0.1",
      "resolved": "https://registry.npmjs.org/xtend/-/xtend-4.0.1.tgz",
      "integrity": "sha1-pcbVMr5lbiPbgg77lDofBJmNY68="
    }
  }
}
