{
  "name": "wildwebdeveloper-node-languageservers",
  "version": "0.1.0",
  "lockfileVersion": 1,
  "requires": true,
  "dependencies": {
    "@angular/language-service": {
      "version": "7.2.9",
      "resolved": "https://registry.npmjs.org/@angular/language-service/-/language-service-7.2.9.tgz",
      "integrity": "sha512-+8P3yGqrCZy8PaoxUUlC6cowxPAIbuW4HwhvHvYV3G99LDQUC/bxUPSPhqbrAvDiFr3VeXqivzXgFCTo69S1WQ=="
    },
    "@types/source-map": {
      "version": "0.1.29",
      "resolved": "https://registry.npmjs.org/@types/source-map/-/source-map-0.1.29.tgz",
      "integrity": "sha1-1wSKYBgLCfiqbVO9oxHGtRy9cBg="
    },
    "agent-base": {
      "version": "4.2.1",
      "resolved": "https://registry.npmjs.org/agent-base/-/agent-base-4.2.1.tgz",
      "integrity": "sha512-JVwXMr9nHYTUXsBFKUqhJwvlcYU/blreOEUkhNR2eXZIvwd+c+o5V4MgDPKWnMS/56awN3TRzIP+KoPn+roQtg==",
      "requires": {
        "es6-promisify": "^5.0.0"
      }
    },
    "argparse": {
      "version": "1.0.10",
      "resolved": "https://registry.npmjs.org/argparse/-/argparse-1.0.10.tgz",
      "integrity": "sha512-o5Roy6tNG4SL/FOkCAN6RzjiakZS25RLYFrcMttJqbdd8BWrnA+fGz57iN5Pb06pvBGvl5gQ0B48dJlslXvoTg==",
      "requires": {
        "sprintf-js": "~1.0.2"
      }
    },
    "async-limiter": {
      "version": "1.0.0",
      "resolved": "https://registry.npmjs.org/async-limiter/-/async-limiter-1.0.0.tgz",
      "integrity": "sha512-jp/uFnooOiO+L211eZOoSyzpOITMXx1rBITauYykG3BRYPu8h0UcxsPNB04RR5vo4Tyz3+ay17tR6JVf9qzYWg=="
    },
    "balanced-match": {
      "version": "1.0.0",
      "resolved": "https://registry.npmjs.org/balanced-match/-/balanced-match-1.0.0.tgz",
      "integrity": "sha1-ibTRmasr7kneFk6gK4nORi1xt2c="
    },
    "brace-expansion": {
      "version": "1.1.11",
      "resolved": "https://registry.npmjs.org/brace-expansion/-/brace-expansion-1.1.11.tgz",
      "integrity": "sha512-iCuPHDFgrHX7H2vEI/5xpz07zSHB00TpugqhmYtVmMO6518mCuRMoOYFldEBl0g187ufozdaHgWKcYFb61qGiA==",
      "requires": {
        "balanced-match": "^1.0.0",
        "concat-map": "0.0.1"
      }
    },
    "color": {
      "version": "3.1.0",
      "resolved": "https://registry.npmjs.org/color/-/color-3.1.0.tgz",
      "integrity": "sha512-CwyopLkuRYO5ei2EpzpIh6LqJMt6Mt+jZhO5VI5f/wJLZriXQE32/SSqzmrh+QB+AZT81Cj8yv+7zwToW8ahZg==",
      "requires": {
        "color-convert": "^1.9.1",
        "color-string": "^1.5.2"
      }
    },
    "color-convert": {
      "version": "1.9.3",
      "resolved": "https://registry.npmjs.org/color-convert/-/color-convert-1.9.3.tgz",
      "integrity": "sha512-QfAUtd+vFdAtFQcC8CCyYt1fYWxSqAiK2cSD6zDB8N3cpsEBAvRxp9zOGg6G/SHHJYAT88/az/IuDGALsNVbGg==",
      "requires": {
        "color-name": "1.1.3"
      }
    },
    "color-name": {
      "version": "1.1.3",
      "resolved": "https://registry.npmjs.org/color-name/-/color-name-1.1.3.tgz",
      "integrity": "sha1-p9BVi9icQveV3UIyj3QIMcpTvCU="
    },
    "color-string": {
      "version": "1.5.3",
      "resolved": "https://registry.npmjs.org/color-string/-/color-string-1.5.3.tgz",
      "integrity": "sha512-dC2C5qeWoYkxki5UAXapdjqO672AM4vZuPGRQfO8b5HKuKGBbKWpITyDYN7TOFKvRW7kOgAn3746clDBMDJyQw==",
      "requires": {
        "color-name": "^1.0.0",
        "simple-swizzle": "^0.2.2"
      }
    },
    "command-exists": {
      "version": "1.2.6",
      "resolved": "https://registry.npmjs.org/command-exists/-/command-exists-1.2.6.tgz",
      "integrity": "sha512-Qst/zUUNmS/z3WziPxyqjrcz09pm+2Knbs5mAZL4VAE0sSrNY1/w8+/YxeHcoBTsO6iojA6BW7eFf27Eg2MRuw=="
    },
    "commander": {
      "version": "2.19.0",
      "resolved": "https://registry.npmjs.org/commander/-/commander-2.19.0.tgz",
      "integrity": "sha512-6tvAOO+D6OENvRAh524Dh9jcfKTYDQAqvqezbCW82xj5X0pSrcpxtvRKHLG0yBY6SD7PSDrJaj+0AiOcKVd1Xg=="
    },
    "concat-map": {
      "version": "0.0.1",
      "resolved": "https://registry.npmjs.org/concat-map/-/concat-map-0.0.1.tgz",
      "integrity": "sha1-2Klr13/Wjfd5OnMDajug1UBdR3s="
    },
    "crypto-random-string": {
      "version": "1.0.0",
      "resolved": "https://registry.npmjs.org/crypto-random-string/-/crypto-random-string-1.0.0.tgz",
      "integrity": "sha1-ojD2T1aDEOFJgAmUB5DsmVRbyn4="
    },
    "debug": {
      "version": "3.1.0",
      "resolved": "https://registry.npmjs.org/debug/-/debug-3.1.0.tgz",
      "integrity": "sha512-OX8XqP7/1a9cqkxYw2yXss15f26NKWBpDXQd0/uK/KPqdQhxbPa994hnzjcE2VqQpDslf55723cKPUOGSmMY3g==",
      "requires": {
        "ms": "2.0.0"
      }
    },
    "devtools-protocol": {
      "version": "0.0.588169",
      "resolved": "https://registry.npmjs.org/devtools-protocol/-/devtools-protocol-0.0.588169.tgz",
      "integrity": "sha512-DDGCT3YFiamX4jRPqg4galOrQS8DsU0j+xM5iaR0YB5TM1fjCZejQ7MSe9ByIMIq4IsnULY/4Qp3TBWAUjMgXw=="
    },
    "es6-promise": {
      "version": "4.2.5",
      "resolved": "https://registry.npmjs.org/es6-promise/-/es6-promise-4.2.5.tgz",
      "integrity": "sha512-n6wvpdE43VFtJq+lUDYDBFUwV8TZbuGXLV4D6wKafg13ldznKsyEvatubnmUe31zcvelSzOHF+XbaT+Bl9ObDg=="
    },
    "es6-promisify": {
      "version": "5.0.0",
      "resolved": "http://registry.npmjs.org/es6-promisify/-/es6-promisify-5.0.0.tgz",
      "integrity": "sha1-UQnWLz5W6pZ8S2NQWu8IKRyKUgM=",
      "requires": {
        "es6-promise": "^4.0.3"
      }
    },
    "esprima": {
      "version": "4.0.1",
      "resolved": "https://registry.npmjs.org/esprima/-/esprima-4.0.1.tgz",
      "integrity": "sha512-eGuFFw7Upda+g4p+QHvnW0RyTX/SVeJBDM/gCtMARO0cLuT2HcEKnTPvhjV6aGeqrCB/sbNop0Kszm0jsaWU4A=="
    },
    "fs-extra": {
      "version": "7.0.1",
      "resolved": "https://registry.npmjs.org/fs-extra/-/fs-extra-7.0.1.tgz",
      "integrity": "sha512-YJDaCJZEnBmcbw13fvdAM9AwNOJwOzrE4pqMqBq5nFiEqXUqHwlK4B+3pUw6JNvfSPtX05xFHtYy/1ni01eGCw==",
      "requires": {
        "graceful-fs": "^4.1.2",
        "jsonfile": "^4.0.0",
        "universalify": "^0.1.0"
      }
    },
    "fs.realpath": {
      "version": "1.0.0",
      "resolved": "https://registry.npmjs.org/fs.realpath/-/fs.realpath-1.0.0.tgz",
      "integrity": "sha1-FQStJSMVjKpA20onh8sBQRmU6k8="
    },
    "glob": {
      "version": "7.1.3",
      "resolved": "https://registry.npmjs.org/glob/-/glob-7.1.3.tgz",
      "integrity": "sha512-vcfuiIxogLV4DlGBHIUOwI0IbrJ8HWPc4MU7HzviGeNho/UJDfi6B5p3sHeWIQ0KGIU0Jpxi5ZHxemQfLkkAwQ==",
      "requires": {
        "fs.realpath": "^1.0.0",
        "inflight": "^1.0.4",
        "inherits": "2",
        "minimatch": "^3.0.4",
        "once": "^1.3.0",
        "path-is-absolute": "^1.0.0"
      }
    },
    "graceful-fs": {
      "version": "4.1.15",
      "resolved": "https://registry.npmjs.org/graceful-fs/-/graceful-fs-4.1.15.tgz",
      "integrity": "sha512-6uHUhOPEBgQ24HM+r6b/QwWfZq+yiFcipKFrOFiBEnWdy5sdzYoi+pJeQaPI5qOLRFqWmAXUPQNsielzdLoecA=="
    },
    "http-proxy-agent": {
      "version": "2.1.0",
      "resolved": "https://registry.npmjs.org/http-proxy-agent/-/http-proxy-agent-2.1.0.tgz",
      "integrity": "sha512-qwHbBLV7WviBl0rQsOzH6o5lwyOIvwp/BdFnvVxXORldu5TmjFfjzBcWUWS5kWAZhmv+JtiDhSuQCp4sBfbIgg==",
      "requires": {
        "agent-base": "4",
        "debug": "3.1.0"
      }
    },
    "https-proxy-agent": {
      "version": "2.2.1",
      "resolved": "https://registry.npmjs.org/https-proxy-agent/-/https-proxy-agent-2.2.1.tgz",
      "integrity": "sha512-HPCTS1LW51bcyMYbxUIOO4HEOlQ1/1qRaFWcyxvwaqUS9TY88aoEuHUY33kuAh1YhVVaDQhLZsnPd+XNARWZlQ==",
      "requires": {
        "agent-base": "^4.1.0",
        "debug": "^3.1.0"
      }
    },
    "inflight": {
      "version": "1.0.6",
      "resolved": "https://registry.npmjs.org/inflight/-/inflight-1.0.6.tgz",
      "integrity": "sha1-Sb1jMdfQLQwJvJEKEHW6gWW1bfk=",
      "requires": {
        "once": "^1.3.0",
        "wrappy": "1"
      }
    },
    "inherits": {
      "version": "2.0.3",
      "resolved": "https://registry.npmjs.org/inherits/-/inherits-2.0.3.tgz",
      "integrity": "sha1-Yzwsg+PaQqUC9SRmAiSA9CCCYd4="
    },
    "is-arrayish": {
      "version": "0.3.2",
      "resolved": "https://registry.npmjs.org/is-arrayish/-/is-arrayish-0.3.2.tgz",
      "integrity": "sha512-eVRqCvVlZbuw3GrM63ovNSNAeA1K16kaR/LRY/92w0zxQ5/1YzwblUX652i4Xs9RwAGjW9d9y6X88t8OaAJfWQ=="
    },
    "js-yaml": {
      "version": "3.12.1",
      "resolved": "https://registry.npmjs.org/js-yaml/-/js-yaml-3.12.1.tgz",
      "integrity": "sha512-um46hB9wNOKlwkHgiuyEVAybXBjwFUV0Z/RaHJblRd9DXltue9FTYvzCr9ErQrK9Adz5MU4gHWVaNUfdmrC8qA==",
      "requires": {
        "argparse": "^1.0.7",
        "esprima": "^4.0.0"
      }
    },
    "jsonc-parser": {
      "version": "2.0.2",
      "resolved": "https://registry.npmjs.org/jsonc-parser/-/jsonc-parser-2.0.2.tgz",
      "integrity": "sha512-TSU435K5tEKh3g7bam1AFf+uZrISheoDsLlpmAo6wWZYqjsnd09lHYK1Qo+moK4Ikifev1Gdpa69g4NELKnCrQ=="
    },
    "jsonfile": {
      "version": "4.0.0",
      "resolved": "https://registry.npmjs.org/jsonfile/-/jsonfile-4.0.0.tgz",
      "integrity": "sha1-h3Gq4HmbZAdrdmQPygWPnBDjPss=",
      "requires": {
        "graceful-fs": "^4.1.6"
      }
    },
    "minimatch": {
      "version": "3.0.4",
      "resolved": "https://registry.npmjs.org/minimatch/-/minimatch-3.0.4.tgz",
      "integrity": "sha512-yJHVQEhyqPLUTgt9B83PXu6W3rx4MvvHvSUvToogpwoGDOUQ+yDrR0HRot+yOCdCO7u4hX3pWft6kWBBcqh0UA==",
      "requires": {
        "brace-expansion": "^1.1.7"
      }
    },
    "minimist": {
      "version": "0.0.8",
      "resolved": "http://registry.npmjs.org/minimist/-/minimist-0.0.8.tgz",
      "integrity": "sha1-hX/Kv8M5fSYluCKCYuhqp6ARsF0="
    },
    "mkdirp": {
      "version": "0.5.1",
      "resolved": "http://registry.npmjs.org/mkdirp/-/mkdirp-0.5.1.tgz",
      "integrity": "sha1-MAV0OOrGz3+MR2fzhkjWaX11yQM=",
      "requires": {
        "minimist": "0.0.8"
      }
    },
    "ms": {
      "version": "2.0.0",
      "resolved": "https://registry.npmjs.org/ms/-/ms-2.0.0.tgz",
      "integrity": "sha1-VgiurfwAvmwpAd9fmGF4jeDVl8g="
    },
    "node-debug2": {
      "version": "file:node-debug2-1.25.5.tgz",
      "integrity": "sha512-J+yYncrZzv4ukzaBiHRTvI4txDT57gLzJmgZ+ndNPfOuLV8Omp7FaD7zUl5QmsXw3HLt98t04Nul6Nt3Phh1Rg==",
      "requires": {
        "vscode-chrome-debug-core": "^6.3.1",
        "vscode-debugadapter": "^1.30.0-pre.2",
        "vscode-nls": "^3.2.1"
      }
    },
    "noice-json-rpc": {
      "version": "1.2.0",
      "resolved": "https://registry.npmjs.org/noice-json-rpc/-/noice-json-rpc-1.2.0.tgz",
      "integrity": "sha512-Wm+otW+drKzdqlSPoSwj34tUEq/Xj1gX6Cr2avrykvTW4IY7d3ngLmP+PErALzS0s9nYRokXvYDM54sbFvLlDA=="
    },
    "once": {
      "version": "1.4.0",
      "resolved": "https://registry.npmjs.org/once/-/once-1.4.0.tgz",
      "integrity": "sha1-WDsap3WWHUsROsF9nFC6753Xa9E=",
      "requires": {
        "wrappy": "1"
      }
    },
    "p-debounce": {
      "version": "1.0.0",
      "resolved": "https://registry.npmjs.org/p-debounce/-/p-debounce-1.0.0.tgz",
      "integrity": "sha1-y38svu/YegnrqGHhErZ1J+Yh4v0="
    },
    "path-is-absolute": {
      "version": "1.0.1",
      "resolved": "http://registry.npmjs.org/path-is-absolute/-/path-is-absolute-1.0.1.tgz",
      "integrity": "sha1-F0uSaHNVNP+8es5r9TpanhtcX18="
    },
    "prettier": {
      "version": "1.16.4",
      "resolved": "https://registry.npmjs.org/prettier/-/prettier-1.16.4.tgz",
      "integrity": "sha512-ZzWuos7TI5CKUeQAtFd6Zhm2s6EpAD/ZLApIhsF9pRvRtM1RFo61dM/4MSRUA0SuLugA/zgrZD8m0BaY46Og7g=="
    },
    "request-light": {
      "version": "0.2.4",
      "resolved": "https://registry.npmjs.org/request-light/-/request-light-0.2.4.tgz",
      "integrity": "sha512-pM9Fq5jRnSb+82V7M97rp8FE9/YNeP2L9eckB4Szd7lyeclSIx02aIpPO/6e4m6Dy31+FBN/zkFMTd2HkNO3ow==",
      "requires": {
        "http-proxy-agent": "^2.1.0",
        "https-proxy-agent": "^2.2.1",
        "vscode-nls": "^4.0.0"
      },
      "dependencies": {
        "vscode-nls": {
          "version": "4.0.0",
          "resolved": "https://registry.npmjs.org/vscode-nls/-/vscode-nls-4.0.0.tgz",
          "integrity": "sha512-qCfdzcH+0LgQnBpZA53bA32kzp9rpq/f66Som577ObeuDlFIrtbEJ+A/+CCxjIh4G8dpJYNCKIsxpRAHIfsbNw=="
        }
      }
    },
    "simple-swizzle": {
      "version": "0.2.2",
      "resolved": "https://registry.npmjs.org/simple-swizzle/-/simple-swizzle-0.2.2.tgz",
      "integrity": "sha1-pNprY1/8zMoz9w0Xy5JZLeleVXo=",
      "requires": {
        "is-arrayish": "^0.3.1"
      }
    },
    "source-map": {
      "version": "0.6.1",
      "resolved": "https://registry.npmjs.org/source-map/-/source-map-0.6.1.tgz",
      "integrity": "sha512-UjgapumWlbMhkBgzT7Ykc5YXUT46F0iKu8SGXq0bcwP5dz/h0Plj6enJqjz1Zbq2l5WaqYnrVbwWOWMyF3F47g=="
    },
    "sprintf-js": {
      "version": "1.0.3",
      "resolved": "https://registry.npmjs.org/sprintf-js/-/sprintf-js-1.0.3.tgz",
      "integrity": "sha1-BOaSb2YolTVPPdAVIDYzuFcpfiw="
    },
    "temp-dir": {
      "version": "1.0.0",
      "resolved": "https://registry.npmjs.org/temp-dir/-/temp-dir-1.0.0.tgz",
      "integrity": "sha1-CnwOom06Oa+n4OvqnB/AvE2qAR0="
    },
    "tempy": {
      "version": "0.2.1",
      "resolved": "https://registry.npmjs.org/tempy/-/tempy-0.2.1.tgz",
      "integrity": "sha512-LB83o9bfZGrntdqPuRdanIVCPReam9SOZKW0fOy5I9X3A854GGWi0tjCqoXEk84XIEYBc/x9Hq3EFop/H5wJaw==",
      "requires": {
        "temp-dir": "^1.0.0",
        "unique-string": "^1.0.0"
      }
    },
    "typescript": {
      "version": "2.8.3",
      "resolved": "https://registry.npmjs.org/typescript/-/typescript-2.8.3.tgz",
      "integrity": "sha512-K7g15Bb6Ra4lKf7Iq2l/I5/En+hLIHmxWZGq3D4DIRNFxMNV6j2SHSvDOqs2tGd4UvD/fJvrwopzQXjLrT7Itw=="
    },
    "typescript-language-server": {
      "version": "0.3.7",
      "resolved": "https://registry.npmjs.org/typescript-language-server/-/typescript-language-server-0.3.7.tgz",
      "integrity": "sha512-26VcyfcMGjojsQv0/uDG8ZxUOhCbH6wNZR1buajQv5hZYxNSqiCm+9InMPjozatECpyfphqVc0rc58q3B+dMfw==",
      "requires": {
        "command-exists": "1.2.6",
        "commander": "^2.11.0",
        "fs-extra": "^7.0.0",
        "p-debounce": "^1.0.0",
        "tempy": "^0.2.1",
        "vscode-languageserver": "^4.4.0",
        "vscode-uri": "^1.0.5"
      }
    },
    "unique-string": {
      "version": "1.0.0",
      "resolved": "https://registry.npmjs.org/unique-string/-/unique-string-1.0.0.tgz",
      "integrity": "sha1-nhBXzKhRq7kzmPizOuGHuZyuwRo=",
      "requires": {
        "crypto-random-string": "^1.0.0"
      }
    },
    "universalify": {
      "version": "0.1.2",
      "resolved": "https://registry.npmjs.org/universalify/-/universalify-0.1.2.tgz",
      "integrity": "sha512-rBJeI5CXAlmy1pV+617WB9J63U6XcazHHF2f2dbJix4XzpUF0RS3Zbj0FGIOCAva5P/d/GBOYaACQ1w+0azUkg=="
    },
    "vscode-chrome-debug-core": {
      "version": "6.7.39",
      "resolved": "https://registry.npmjs.org/vscode-chrome-debug-core/-/vscode-chrome-debug-core-6.7.39.tgz",
      "integrity": "sha512-Hod1J/z8KiagEEm1V8hQgzuBdu8dFf4jl6Y5B8SiOtRf0j81wsu697Ayz0LjPKiUdUsTALJhmnXForiVyUViHw==",
      "requires": {
        "@types/source-map": "^0.1.27",
        "color": "^3.0.0",
        "devtools-protocol": "0.0.588169",
        "glob": "^7.1.3",
        "noice-json-rpc": "^1.2.0",
        "source-map": "^0.6.1",
        "vscode-debugadapter": "^1.33.0-pre.2",
        "vscode-debugprotocol": "^1.32.0",
        "vscode-nls": "^4.0.0",
        "ws": "^6.0.0"
      },
      "dependencies": {
        "vscode-nls": {
          "version": "4.0.0",
          "resolved": "https://registry.npmjs.org/vscode-nls/-/vscode-nls-4.0.0.tgz",
          "integrity": "sha512-qCfdzcH+0LgQnBpZA53bA32kzp9rpq/f66Som577ObeuDlFIrtbEJ+A/+CCxjIh4G8dpJYNCKIsxpRAHIfsbNw=="
        }
      }
    },
    "vscode-css-languageserver": {
      "version": "file:vscode-css-languageserver-1.0.0.tgz",
      "integrity": "sha512-2ENuBp18zjVD8NtX5d2yHaGrVgfaQVZbvPUV71jPITJQ5AAxpDsW5sC1KZcuujrGiHy3WoDgnkExwoXkRJ8HQw==",
      "requires": {
        "vscode-css-languageservice": "^3.0.9-next.20",
        "vscode-languageserver": "^4.1.3",
        "vscode-languageserver-protocol-foldingprovider": "^2.0.1"
      }
    },
    "vscode-css-languageservice": {
      "version": "3.0.12",
      "resolved": "https://registry.npmjs.org/vscode-css-languageservice/-/vscode-css-languageservice-3.0.12.tgz",
      "integrity": "sha512-+FLQ9LcukIhnxaGTjDOqb3Nb1hesz9BLXf5yeoZxUsuK7joADPLPdxLwlZugFcMAvgmtnaFIGnzkQhGOVqf5yw==",
      "requires": {
        "vscode-languageserver-types": "^3.13.0",
        "vscode-nls": "^4.0.0"
      },
      "dependencies": {
        "vscode-nls": {
          "version": "4.0.0",
          "resolved": "https://registry.npmjs.org/vscode-nls/-/vscode-nls-4.0.0.tgz",
          "integrity": "sha512-qCfdzcH+0LgQnBpZA53bA32kzp9rpq/f66Som577ObeuDlFIrtbEJ+A/+CCxjIh4G8dpJYNCKIsxpRAHIfsbNw=="
        }
      }
    },
    "vscode-debugadapter": {
      "version": "1.33.0",
      "resolved": "https://registry.npmjs.org/vscode-debugadapter/-/vscode-debugadapter-1.33.0.tgz",
      "integrity": "sha512-GsSD6PyVokjyW+7LU3FRXbu8SINv9muQtMQEDvwB6SIGQfrQzld8kECpQRr71j3mgXW+sTY+44/XMzueeaU6/Q==",
      "requires": {
        "mkdirp": "^0.5.1",
        "vscode-debugprotocol": "1.33.0"
      }
    },
    "vscode-debugprotocol": {
      "version": "1.33.0",
      "resolved": "https://registry.npmjs.org/vscode-debugprotocol/-/vscode-debugprotocol-1.33.0.tgz",
      "integrity": "sha512-d+l4lrEz6OP2kmGpweqe37x9H7icAMV8S4m8azTWGAIlNJxBP4rlSTnZa7NMLcbgqWkWG9lTGY7fJ+rSPaW7yg=="
    },
    "vscode-html-languageserver": {
      "version": "file:vscode-html-languageserver-1.0.0.tgz",
      "integrity": "sha512-5YY5HMcrRgExzOuRO2rQ5ojyx4LV2FWvM0+NulZX/EWq04wcAAeTbcPq3SxqjUgWo2lbOHBXht3IVxdl53GwiA==",
      "requires": {
        "vscode-css-languageservice": "^3.0.9-next.20",
        "vscode-html-languageservice": "^2.1.3-next.5",
        "vscode-languageserver": "^4.1.3",
        "vscode-languageserver-protocol-foldingprovider": "^2.0.1",
        "vscode-languageserver-types": "^3.7.2",
        "vscode-nls": "^3.2.2",
        "vscode-uri": "^1.0.3"
      }
    },
    "vscode-html-languageservice": {
      "version": "2.1.10",
      "resolved": "https://registry.npmjs.org/vscode-html-languageservice/-/vscode-html-languageservice-2.1.10.tgz",
      "integrity": "sha512-nuzLd7a3J+Ttvk/9Pg2H0vS7rV2oZRfsQYPRheHnUNJNqivkcieSI8ZCGvZjmr3NDBG2QQaRFambnCtceYAj3A==",
      "requires": {
        "vscode-languageserver-types": "^3.13.0",
        "vscode-nls": "^4.0.0",
        "vscode-uri": "^1.0.6"
      },
      "dependencies": {
        "vscode-nls": {
          "version": "4.0.0",
          "resolved": "https://registry.npmjs.org/vscode-nls/-/vscode-nls-4.0.0.tgz",
          "integrity": "sha512-qCfdzcH+0LgQnBpZA53bA32kzp9rpq/f66Som577ObeuDlFIrtbEJ+A/+CCxjIh4G8dpJYNCKIsxpRAHIfsbNw=="
        }
      }
    },
    "vscode-json-languageserver": {
      "version": "file:vscode-json-languageserver-1.0.1.tgz",
      "integrity": "sha512-z4yB+RPGgjfY+W2STNFqyD7nutm1VyATMyoWAEiOezq826jnxHQt3HhWXk4ef9MHOx2hPvapB/bwBPhIZj7A8A==",
      "requires": {
        "jsonc-parser": "^2.0.0-next.1",
        "request-light": "^0.2.2",
        "vscode-json-languageservice": "^3.1.2",
        "vscode-languageserver": "^4.1.3",
        "vscode-languageserver-protocol-foldingprovider": "^2.0.1",
        "vscode-nls": "^3.2.2",
        "vscode-uri": "^1.0.3"
      }
    },
    "vscode-json-languageservice": {
      "version": "3.2.1",
      "resolved": "https://registry.npmjs.org/vscode-json-languageservice/-/vscode-json-languageservice-3.2.1.tgz",
      "integrity": "sha512-ee9MJ70/xR55ywvm0bZsDLhA800HCRE27AYgMNTU14RSg20Y+ngHdQnUt6OmiTXrQDI/7sne6QUOtHIN0hPQYA==",
      "requires": {
        "jsonc-parser": "^2.0.2",
        "vscode-languageserver-types": "^3.13.0",
        "vscode-nls": "^4.0.0",
        "vscode-uri": "^1.0.6"
      },
      "dependencies": {
        "vscode-nls": {
          "version": "4.0.0",
          "resolved": "https://registry.npmjs.org/vscode-nls/-/vscode-nls-4.0.0.tgz",
          "integrity": "sha512-qCfdzcH+0LgQnBpZA53bA32kzp9rpq/f66Som577ObeuDlFIrtbEJ+A/+CCxjIh4G8dpJYNCKIsxpRAHIfsbNw=="
        }
      }
    },
    "vscode-jsonrpc": {
      "version": "4.0.0",
      "resolved": "https://registry.npmjs.org/vscode-jsonrpc/-/vscode-jsonrpc-4.0.0.tgz",
      "integrity": "sha512-perEnXQdQOJMTDFNv+UF3h1Y0z4iSiaN9jIlb0OqIYgosPCZGYh/MCUlkFtV2668PL69lRDO32hmvL2yiidUYg=="
    },
    "vscode-languageserver": {
      "version": "4.4.2",
      "resolved": "https://registry.npmjs.org/vscode-languageserver/-/vscode-languageserver-4.4.2.tgz",
      "integrity": "sha512-61y8Raevi9EigDgg9NelvT9cUAohiEbUl1LOwQQgOCAaNX62yKny/ddi0uC+FUTm4CzsjhBu+06R+vYgfCYReA==",
      "requires": {
        "vscode-languageserver-protocol": "^3.10.3",
        "vscode-uri": "^1.0.5"
      }
    },
    "vscode-languageserver-protocol": {
      "version": "3.14.1",
      "resolved": "https://registry.npmjs.org/vscode-languageserver-protocol/-/vscode-languageserver-protocol-3.14.1.tgz",
      "integrity": "sha512-IL66BLb2g20uIKog5Y2dQ0IiigW0XKrvmWiOvc0yXw80z3tMEzEnHjaGAb3ENuU7MnQqgnYJ1Cl2l9RvNgDi4g==",
      "requires": {
        "vscode-jsonrpc": "^4.0.0",
        "vscode-languageserver-types": "3.14.0"
      }
    },
    "vscode-languageserver-protocol-foldingprovider": {
      "version": "2.0.1",
      "resolved": "https://registry.npmjs.org/vscode-languageserver-protocol-foldingprovider/-/vscode-languageserver-protocol-foldingprovider-2.0.1.tgz",
      "integrity": "sha512-N8bOS8i0xuQMn/y0bijyefDbOsMl6hiH6LDREYWavTLTM5jbj44EiQfStsbmAv/0eaFKkL/jf5hW7nWwBy2HBw==",
      "requires": {
        "vscode-languageserver-protocol": "^3.7.2",
        "vscode-languageserver-types": "^3.7.2"
      }
    },
    "vscode-languageserver-types": {
      "version": "3.14.0",
      "resolved": "https://registry.npmjs.org/vscode-languageserver-types/-/vscode-languageserver-types-3.14.0.tgz",
      "integrity": "sha512-lTmS6AlAlMHOvPQemVwo3CezxBp0sNB95KNPkqp3Nxd5VFEnuG1ByM0zlRWos0zjO3ZWtkvhal0COgiV1xIA4A=="
    },
    "vscode-nls": {
      "version": "3.2.5",
      "resolved": "https://registry.npmjs.org/vscode-nls/-/vscode-nls-3.2.5.tgz",
      "integrity": "sha512-ITtoh3V4AkWXMmp3TB97vsMaHRgHhsSFPsUdzlueSL+dRZbSNTZeOmdQv60kjCV306ghPxhDeoNUEm3+EZMuyw=="
    },
    "vscode-uri": {
      "version": "1.0.6",
      "resolved": "https://registry.npmjs.org/vscode-uri/-/vscode-uri-1.0.6.tgz",
      "integrity": "sha512-sLI2L0uGov3wKVb9EB+vIQBl9tVP90nqRvxSoJ35vI3NjxE8jfsE5DSOhWgSunHSZmKS4OCi2jrtfxK7uyp2ww=="
    },
    "wrappy": {
      "version": "1.0.2",
      "resolved": "https://registry.npmjs.org/wrappy/-/wrappy-1.0.2.tgz",
      "integrity": "sha1-tSQ9jz7BqjXxNkYFvA0QNuMKtp8="
    },
    "ws": {
      "version": "6.1.2",
      "resolved": "https://registry.npmjs.org/ws/-/ws-6.1.2.tgz",
      "integrity": "sha512-rfUqzvz0WxmSXtJpPMX2EeASXabOrSMk1ruMOV3JBTBjo4ac2lDjGGsbQSyxj8Odhw5fBib8ZKEjDNvgouNKYw==",
      "requires": {
        "async-limiter": "~1.0.0"
      }
    },
    "yaml-ast-parser": {
      "version": "0.0.40",
      "resolved": "https://registry.npmjs.org/yaml-ast-parser/-/yaml-ast-parser-0.0.40.tgz",
      "integrity": "sha1-CFNtTnPTIrHJziB6uN1w4E0grm4="
    },
    "yaml-language-server": {
      "version": "0.3.2",
      "resolved": "https://registry.npmjs.org/yaml-language-server/-/yaml-language-server-0.3.2.tgz",
      "integrity": "sha512-iN7xMFlfqT9vsM17B/YfYy7xw9N9rS8Vz+MIO1MLwwmOIH4qsyqIMTilpoo8WXWJI/psP/3dyv0WfW15Nz4jhg==",
      "requires": {
        "js-yaml": "^3.12.0",
        "jsonc-parser": "^1.0.3",
        "prettier": "^1.15.2",
        "request-light": "^0.2.3",
        "vscode-json-languageservice": "3.0.12",
        "vscode-languageserver": "^4.0.0",
        "vscode-languageserver-types": "^3.6.1",
        "vscode-nls": "^3.2.2",
        "vscode-uri": "^1.0.6",
        "yaml-ast-parser": "0.0.40"
      },
      "dependencies": {
        "jsonc-parser": {
          "version": "1.0.3",
          "resolved": "https://registry.npmjs.org/jsonc-parser/-/jsonc-parser-1.0.3.tgz",
          "integrity": "sha512-hk/69oAeaIzchq/v3lS50PXuzn5O2ynldopMC+SWBql7J2WtdptfB9dy8Y7+Og5rPkTCpn83zTiO8FMcqlXJ/g=="
        },
        "vscode-json-languageservice": {
          "version": "3.0.12",
          "resolved": "https://registry.npmjs.org/vscode-json-languageservice/-/vscode-json-languageservice-3.0.12.tgz",
          "integrity": "sha512-XSgRVY/vsPqOa//ZwLD5DWx1wzTQGgeZfsOlVqFlLya10dpimSnd27kbuL45hzxh4B+MvmHZtZeWQKjSYnNF0A==",
          "requires": {
            "jsonc-parser": "^2.0.0-next.1",
            "vscode-languageserver-types": "^3.6.1",
            "vscode-nls": "^3.2.1",
            "vscode-uri": "^1.0.3"
          },
          "dependencies": {
            "jsonc-parser": {
              "version": "2.0.3",
              "resolved": "https://registry.npmjs.org/jsonc-parser/-/jsonc-parser-2.0.3.tgz",
              "integrity": "sha512-WJi9y9ABL01C8CxTKxRRQkkSpY/x2bo4Gy0WuiZGrInxQqgxQpvkBCLNcDYcHOSdhx4ODgbFcgAvfL49C+PHgQ=="
            }
          }
        }
      }
    }
  }
}
