{
  "name": "wildwebdeveloper-node-languageservers",
  "version": "0.1.0",
  "lockfileVersion": 1,
  "requires": true,
  "dependencies": {
    "agent-base": {
      "version": "4.2.1",
      "resolved": "https://registry.npmjs.org/agent-base/-/agent-base-4.2.1.tgz",
      "integrity": "sha512-JVwXMr9nHYTUXsBFKUqhJwvlcYU/blreOEUkhNR2eXZIvwd+c+o5V4MgDPKWnMS/56awN3TRzIP+KoPn+roQtg==",
      "requires": {
        "es6-promisify": "^5.0.0"
      }
    },
    "balanced-match": {
      "version": "1.0.0",
      "resolved": "https://registry.npmjs.org/balanced-match/-/balanced-match-1.0.0.tgz",
      "integrity": "sha1-ibTRmasr7kneFk6gK4nORi1xt2c="
    },
    "brace-expansion": {
      "version": "1.1.11",
      "resolved": "https://registry.npmjs.org/brace-expansion/-/brace-expansion-1.1.11.tgz",
      "integrity": "sha512-iCuPHDFgrHX7H2vEI/5xpz07zSHB00TpugqhmYtVmMO6518mCuRMoOYFldEBl0g187ufozdaHgWKcYFb61qGiA==",
      "requires": {
        "balanced-match": "^1.0.0",
        "concat-map": "0.0.1"
      }
    },
    "command-exists": {
      "version": "1.2.6",
      "resolved": "https://registry.npmjs.org/command-exists/-/command-exists-1.2.6.tgz",
      "integrity": "sha512-Qst/zUUNmS/z3WziPxyqjrcz09pm+2Knbs5mAZL4VAE0sSrNY1/w8+/YxeHcoBTsO6iojA6BW7eFf27Eg2MRuw=="
    },
    "commander": {
      "version": "2.19.0",
      "resolved": "https://registry.npmjs.org/commander/-/commander-2.19.0.tgz",
      "integrity": "sha512-6tvAOO+D6OENvRAh524Dh9jcfKTYDQAqvqezbCW82xj5X0pSrcpxtvRKHLG0yBY6SD7PSDrJaj+0AiOcKVd1Xg=="
    },
    "concat-map": {
      "version": "0.0.1",
      "resolved": "https://registry.npmjs.org/concat-map/-/concat-map-0.0.1.tgz",
      "integrity": "sha1-2Klr13/Wjfd5OnMDajug1UBdR3s="
    },
    "crypto-random-string": {
      "version": "1.0.0",
      "resolved": "https://registry.npmjs.org/crypto-random-string/-/crypto-random-string-1.0.0.tgz",
      "integrity": "sha1-ojD2T1aDEOFJgAmUB5DsmVRbyn4="
    },
    "debug": {
      "version": "2.6.9",
      "resolved": "https://registry.npmjs.org/debug/-/debug-2.6.9.tgz",
      "integrity": "sha512-bC7ElrdJaJnPbAP+1EotYvqZsb3ecl5wi6Bfi6BJTUcNowp6cvspg0jXznRTKDjm/E7AdgFBVeAPVMNcKGsHMA==",
      "requires": {
        "ms": "2.0.0"
      }
    },
    "es6-promise": {
      "version": "4.2.5",
      "resolved": "https://registry.npmjs.org/es6-promise/-/es6-promise-4.2.5.tgz",
      "integrity": "sha512-n6wvpdE43VFtJq+lUDYDBFUwV8TZbuGXLV4D6wKafg13ldznKsyEvatubnmUe31zcvelSzOHF+XbaT+Bl9ObDg=="
    },
    "es6-promisify": {
      "version": "5.0.0",
      "resolved": "http://registry.npmjs.org/es6-promisify/-/es6-promisify-5.0.0.tgz",
      "integrity": "sha1-UQnWLz5W6pZ8S2NQWu8IKRyKUgM=",
      "requires": {
        "es6-promise": "^4.0.3"
      }
    },
    "fs-extra": {
      "version": "7.0.1",
      "resolved": "https://registry.npmjs.org/fs-extra/-/fs-extra-7.0.1.tgz",
      "integrity": "sha512-YJDaCJZEnBmcbw13fvdAM9AwNOJwOzrE4pqMqBq5nFiEqXUqHwlK4B+3pUw6JNvfSPtX05xFHtYy/1ni01eGCw==",
      "requires": {
        "graceful-fs": "^4.1.2",
        "jsonfile": "^4.0.0",
        "universalify": "^0.1.0"
      }
    },
    "fs.realpath": {
      "version": "1.0.0",
      "resolved": "https://registry.npmjs.org/fs.realpath/-/fs.realpath-1.0.0.tgz",
      "integrity": "sha1-FQStJSMVjKpA20onh8sBQRmU6k8="
    },
    "glob": {
      "version": "7.1.2",
      "resolved": "https://registry.npmjs.org/glob/-/glob-7.1.2.tgz",
      "integrity": "sha512-MJTUg1kjuLeQCJ+ccE4Vpa6kKVXkPYJ2mOCQyUuKLcLQsdrMCpBPUi8qVE6+YuaJkozeA9NusTAw3hLr8Xe5EQ==",
      "requires": {
        "fs.realpath": "^1.0.0",
        "inflight": "^1.0.4",
        "inherits": "2",
        "minimatch": "^3.0.4",
        "once": "^1.3.0",
        "path-is-absolute": "^1.0.0"
      }
    },
    "graceful-fs": {
      "version": "4.1.15",
      "resolved": "https://registry.npmjs.org/graceful-fs/-/graceful-fs-4.1.15.tgz",
      "integrity": "sha512-6uHUhOPEBgQ24HM+r6b/QwWfZq+yiFcipKFrOFiBEnWdy5sdzYoi+pJeQaPI5qOLRFqWmAXUPQNsielzdLoecA=="
    },
    "http-proxy-agent": {
      "version": "2.0.0",
      "resolved": "https://registry.npmjs.org/http-proxy-agent/-/http-proxy-agent-2.0.0.tgz",
      "integrity": "sha1-RkgqLwUjpNYIJVFwn0acs+SoX/Q=",
      "requires": {
        "agent-base": "4",
        "debug": "2"
      }
    },
    "https-proxy-agent": {
      "version": "2.1.1",
      "resolved": "https://registry.npmjs.org/https-proxy-agent/-/https-proxy-agent-2.1.1.tgz",
      "integrity": "sha512-LK6tQUR/VOkTI6ygAfWUKKP95I+e6M1h7N3PncGu1CATHCnex+CAv9ttR0lbHu1Uk2PXm/WoAHFo6JCGwMjVMw==",
      "requires": {
        "agent-base": "^4.1.0",
        "debug": "^3.1.0"
      },
      "dependencies": {
        "debug": {
          "version": "3.2.6",
          "resolved": "https://registry.npmjs.org/debug/-/debug-3.2.6.tgz",
          "integrity": "sha512-mel+jf7nrtEl5Pn1Qx46zARXKDpBbvzezse7p7LqINmdoIk8PYP5SySaxEmYv6TZ0JyEKA1hsCId6DIhgITtWQ==",
          "requires": {
            "ms": "^2.1.1"
          }
        },
        "ms": {
          "version": "2.1.1",
          "resolved": "https://registry.npmjs.org/ms/-/ms-2.1.1.tgz",
          "integrity": "sha512-tgp+dl5cGk28utYktBsrFqA7HKgrhgPsg6Z/EfhWI4gl1Hwq8B/GmY/0oXZ6nF8hDVesS/FpnYaD/kOWhYQvyg=="
        }
      }
    },
    "inflight": {
      "version": "1.0.6",
      "resolved": "https://registry.npmjs.org/inflight/-/inflight-1.0.6.tgz",
      "integrity": "sha1-Sb1jMdfQLQwJvJEKEHW6gWW1bfk=",
      "requires": {
        "once": "^1.3.0",
        "wrappy": "1"
      }
    },
    "inherits": {
      "version": "2.0.3",
      "resolved": "https://registry.npmjs.org/inherits/-/inherits-2.0.3.tgz",
      "integrity": "sha1-Yzwsg+PaQqUC9SRmAiSA9CCCYd4="
    },
    "jsonc-parser": {
      "version": "2.0.2",
      "resolved": "https://registry.npmjs.org/jsonc-parser/-/jsonc-parser-2.0.2.tgz",
      "integrity": "sha512-TSU435K5tEKh3g7bam1AFf+uZrISheoDsLlpmAo6wWZYqjsnd09lHYK1Qo+moK4Ikifev1Gdpa69g4NELKnCrQ=="
    },
    "jsonfile": {
      "version": "4.0.0",
      "resolved": "https://registry.npmjs.org/jsonfile/-/jsonfile-4.0.0.tgz",
      "integrity": "sha1-h3Gq4HmbZAdrdmQPygWPnBDjPss=",
      "requires": {
        "graceful-fs": "^4.1.6"
      }
    },
    "minimatch": {
      "version": "3.0.4",
      "resolved": "https://registry.npmjs.org/minimatch/-/minimatch-3.0.4.tgz",
      "integrity": "sha512-yJHVQEhyqPLUTgt9B83PXu6W3rx4MvvHvSUvToogpwoGDOUQ+yDrR0HRot+yOCdCO7u4hX3pWft6kWBBcqh0UA==",
      "requires": {
        "brace-expansion": "^1.1.7"
      }
    },
    "minimist": {
      "version": "0.0.8",
      "resolved": "http://registry.npmjs.org/minimist/-/minimist-0.0.8.tgz",
      "integrity": "sha1-hX/Kv8M5fSYluCKCYuhqp6ARsF0="
    },
    "mkdirp": {
      "version": "0.5.1",
      "resolved": "http://registry.npmjs.org/mkdirp/-/mkdirp-0.5.1.tgz",
      "integrity": "sha1-MAV0OOrGz3+MR2fzhkjWaX11yQM=",
      "requires": {
        "minimist": "0.0.8"
      }
    },
    "ms": {
      "version": "2.0.0",
      "resolved": "https://registry.npmjs.org/ms/-/ms-2.0.0.tgz",
      "integrity": "sha1-VgiurfwAvmwpAd9fmGF4jeDVl8g="
    },
    "node-debug": {
      "version": "file:node-debug-1.25.4.tgz",
      "integrity": "sha512-aFecOOh68N3/XgUSBZ81rVmrd8QcVz2YXzZLvdbAzTTlfVxi6LZcH6y2Fsj+bXap+THpN1ge2LGUemefdZWTuA==",
      "requires": {
        "glob": "7.1.2",
        "minimatch": "3.0.4",
        "request-light": "0.2.2",
        "source-map": "0.6.1",
        "vscode-debugadapter": "1.30.0",
        "vscode-nls": "3.2.2"
      }
    },
    "once": {
      "version": "1.4.0",
      "resolved": "https://registry.npmjs.org/once/-/once-1.4.0.tgz",
      "integrity": "sha1-WDsap3WWHUsROsF9nFC6753Xa9E=",
      "requires": {
        "wrappy": "1"
      }
    },
    "p-debounce": {
      "version": "1.0.0",
      "resolved": "https://registry.npmjs.org/p-debounce/-/p-debounce-1.0.0.tgz",
      "integrity": "sha1-y38svu/YegnrqGHhErZ1J+Yh4v0="
    },
    "path-is-absolute": {
      "version": "1.0.1",
      "resolved": "http://registry.npmjs.org/path-is-absolute/-/path-is-absolute-1.0.1.tgz",
      "integrity": "sha1-F0uSaHNVNP+8es5r9TpanhtcX18="
    },
    "request-light": {
      "version": "0.2.2",
      "resolved": "https://registry.npmjs.org/request-light/-/request-light-0.2.2.tgz",
      "integrity": "sha512-sQx7pzLfXK0JVq+EoHVaSgZgFZsLCrG6GPUcksbu8xJzLyNLh8X/Z5RnsuX6rhAkxBWVM4Nhfhc9uo+fK4a1PA==",
      "requires": {
        "http-proxy-agent": "2.0.0",
        "https-proxy-agent": "2.1.1",
        "vscode-nls": "^2.0.2"
      },
      "dependencies": {
        "vscode-nls": {
          "version": "2.0.2",
          "resolved": "https://registry.npmjs.org/vscode-nls/-/vscode-nls-2.0.2.tgz",
          "integrity": "sha1-gIUiOAhEuK0VNJmvXDsDkhrqAto="
        }
      }
    },
    "source-map": {
      "version": "0.6.1",
      "resolved": "https://registry.npmjs.org/source-map/-/source-map-0.6.1.tgz",
      "integrity": "sha512-UjgapumWlbMhkBgzT7Ykc5YXUT46F0iKu8SGXq0bcwP5dz/h0Plj6enJqjz1Zbq2l5WaqYnrVbwWOWMyF3F47g=="
    },
    "temp-dir": {
      "version": "1.0.0",
      "resolved": "https://registry.npmjs.org/temp-dir/-/temp-dir-1.0.0.tgz",
      "integrity": "sha1-CnwOom06Oa+n4OvqnB/AvE2qAR0="
    },
    "tempy": {
      "version": "0.2.1",
      "resolved": "https://registry.npmjs.org/tempy/-/tempy-0.2.1.tgz",
      "integrity": "sha512-LB83o9bfZGrntdqPuRdanIVCPReam9SOZKW0fOy5I9X3A854GGWi0tjCqoXEk84XIEYBc/x9Hq3EFop/H5wJaw==",
      "requires": {
        "temp-dir": "^1.0.0",
        "unique-string": "^1.0.0"
      }
    },
    "typescript": {
      "version": "2.8.3",
      "resolved": "https://registry.npmjs.org/typescript/-/typescript-2.8.3.tgz",
      "integrity": "sha512-K7g15Bb6Ra4lKf7Iq2l/I5/En+hLIHmxWZGq3D4DIRNFxMNV6j2SHSvDOqs2tGd4UvD/fJvrwopzQXjLrT7Itw=="
    },
    "typescript-language-server": {
      "version": "0.3.7",
      "resolved": "https://registry.npmjs.org/typescript-language-server/-/typescript-language-server-0.3.7.tgz",
      "integrity": "sha512-26VcyfcMGjojsQv0/uDG8ZxUOhCbH6wNZR1buajQv5hZYxNSqiCm+9InMPjozatECpyfphqVc0rc58q3B+dMfw==",
      "requires": {
        "command-exists": "1.2.6",
        "commander": "^2.11.0",
        "fs-extra": "^7.0.0",
        "p-debounce": "^1.0.0",
        "tempy": "^0.2.1",
        "vscode-languageserver": "^4.4.0",
        "vscode-uri": "^1.0.5"
      }
    },
    "unique-string": {
      "version": "1.0.0",
      "resolved": "https://registry.npmjs.org/unique-string/-/unique-string-1.0.0.tgz",
      "integrity": "sha1-nhBXzKhRq7kzmPizOuGHuZyuwRo=",
      "requires": {
        "crypto-random-string": "^1.0.0"
      }
    },
    "universalify": {
      "version": "0.1.2",
      "resolved": "https://registry.npmjs.org/universalify/-/universalify-0.1.2.tgz",
      "integrity": "sha512-rBJeI5CXAlmy1pV+617WB9J63U6XcazHHF2f2dbJix4XzpUF0RS3Zbj0FGIOCAva5P/d/GBOYaACQ1w+0azUkg=="
    },
    "vscode-css-languageserver": {
      "version": "file:vscode-css-languageserver-1.0.0.tgz",
      "integrity": "sha512-2ENuBp18zjVD8NtX5d2yHaGrVgfaQVZbvPUV71jPITJQ5AAxpDsW5sC1KZcuujrGiHy3WoDgnkExwoXkRJ8HQw==",
      "requires": {
        "vscode-css-languageservice": "^3.0.9-next.20",
        "vscode-languageserver": "^4.1.3",
        "vscode-languageserver-protocol-foldingprovider": "^2.0.1"
      }
    },
    "vscode-css-languageservice": {
      "version": "3.0.12",
      "resolved": "https://registry.npmjs.org/vscode-css-languageservice/-/vscode-css-languageservice-3.0.12.tgz",
      "integrity": "sha512-+FLQ9LcukIhnxaGTjDOqb3Nb1hesz9BLXf5yeoZxUsuK7joADPLPdxLwlZugFcMAvgmtnaFIGnzkQhGOVqf5yw==",
      "requires": {
        "vscode-languageserver-types": "^3.13.0",
        "vscode-nls": "^4.0.0"
      },
      "dependencies": {
        "vscode-nls": {
          "version": "4.0.0",
          "resolved": "https://registry.npmjs.org/vscode-nls/-/vscode-nls-4.0.0.tgz",
          "integrity": "sha512-qCfdzcH+0LgQnBpZA53bA32kzp9rpq/f66Som577ObeuDlFIrtbEJ+A/+CCxjIh4G8dpJYNCKIsxpRAHIfsbNw=="
        }
      }
    },
    "vscode-debugadapter": {
      "version": "1.30.0",
      "resolved": "https://registry.npmjs.org/vscode-debugadapter/-/vscode-debugadapter-1.30.0.tgz",
      "integrity": "sha512-nvLyfe/ep4Le+Zf4RnZbcmvo5Osbp/KeAo7KJA39CRsbB5ttFS/LuG58NrZuDdnCAdmRzZJ60OhkPD+scoO4uA==",
      "requires": {
        "mkdirp": "^0.5.1",
        "vscode-debugprotocol": "1.30.0"
      }
    },
    "vscode-debugprotocol": {
      "version": "1.30.0",
      "resolved": "https://registry.npmjs.org/vscode-debugprotocol/-/vscode-debugprotocol-1.30.0.tgz",
      "integrity": "sha512-cWio/bEEiLwaeJ2X7GKzRd/mGmYqnBx1z4CWjP04+W5VDw9RtaqmkSrKsSUdEooYgsuX8kLyZ8ROaJ11dBM0Tg=="
    },
    "vscode-html-languageserver": {
      "version": "file:vscode-html-languageserver-1.0.0.tgz",
      "integrity": "sha512-5YY5HMcrRgExzOuRO2rQ5ojyx4LV2FWvM0+NulZX/EWq04wcAAeTbcPq3SxqjUgWo2lbOHBXht3IVxdl53GwiA==",
      "requires": {
        "vscode-css-languageservice": "^3.0.9-next.20",
        "vscode-html-languageservice": "^2.1.3-next.5",
        "vscode-languageserver": "^4.1.3",
        "vscode-languageserver-protocol-foldingprovider": "^2.0.1",
        "vscode-languageserver-types": "^3.7.2",
        "vscode-nls": "^3.2.2",
        "vscode-uri": "^1.0.3"
      }
    },
    "vscode-html-languageservice": {
      "version": "2.1.10",
      "resolved": "https://registry.npmjs.org/vscode-html-languageservice/-/vscode-html-languageservice-2.1.10.tgz",
      "integrity": "sha512-nuzLd7a3J+Ttvk/9Pg2H0vS7rV2oZRfsQYPRheHnUNJNqivkcieSI8ZCGvZjmr3NDBG2QQaRFambnCtceYAj3A==",
      "requires": {
        "vscode-languageserver-types": "^3.13.0",
        "vscode-nls": "^4.0.0",
        "vscode-uri": "^1.0.6"
      },
      "dependencies": {
        "vscode-nls": {
          "version": "4.0.0",
          "resolved": "https://registry.npmjs.org/vscode-nls/-/vscode-nls-4.0.0.tgz",
          "integrity": "sha512-qCfdzcH+0LgQnBpZA53bA32kzp9rpq/f66Som577ObeuDlFIrtbEJ+A/+CCxjIh4G8dpJYNCKIsxpRAHIfsbNw=="
        }
      }
    },
    "vscode-json-languageserver": {
      "version": "file:vscode-json-languageserver-1.0.1.tgz",
      "integrity": "sha512-z4yB+RPGgjfY+W2STNFqyD7nutm1VyATMyoWAEiOezq826jnxHQt3HhWXk4ef9MHOx2hPvapB/bwBPhIZj7A8A==",
      "requires": {
        "jsonc-parser": "^2.0.0-next.1",
        "request-light": "^0.2.2",
        "vscode-json-languageservice": "^3.1.2",
        "vscode-languageserver": "^4.1.3",
        "vscode-languageserver-protocol-foldingprovider": "^2.0.1",
        "vscode-nls": "^3.2.2",
        "vscode-uri": "^1.0.3"
      }
    },
    "vscode-json-languageservice": {
      "version": "3.2.1",
      "resolved": "https://registry.npmjs.org/vscode-json-languageservice/-/vscode-json-languageservice-3.2.1.tgz",
      "integrity": "sha512-ee9MJ70/xR55ywvm0bZsDLhA800HCRE27AYgMNTU14RSg20Y+ngHdQnUt6OmiTXrQDI/7sne6QUOtHIN0hPQYA==",
      "requires": {
        "jsonc-parser": "^2.0.2",
        "vscode-languageserver-types": "^3.13.0",
        "vscode-nls": "^4.0.0",
        "vscode-uri": "^1.0.6"
      },
      "dependencies": {
        "vscode-nls": {
          "version": "4.0.0",
          "resolved": "https://registry.npmjs.org/vscode-nls/-/vscode-nls-4.0.0.tgz",
          "integrity": "sha512-qCfdzcH+0LgQnBpZA53bA32kzp9rpq/f66Som577ObeuDlFIrtbEJ+A/+CCxjIh4G8dpJYNCKIsxpRAHIfsbNw=="
        }
      }
    },
    "vscode-jsonrpc": {
      "version": "4.0.0",
      "resolved": "https://registry.npmjs.org/vscode-jsonrpc/-/vscode-jsonrpc-4.0.0.tgz",
      "integrity": "sha512-perEnXQdQOJMTDFNv+UF3h1Y0z4iSiaN9jIlb0OqIYgosPCZGYh/MCUlkFtV2668PL69lRDO32hmvL2yiidUYg=="
    },
    "vscode-languageserver": {
      "version": "4.4.2",
      "resolved": "https://registry.npmjs.org/vscode-languageserver/-/vscode-languageserver-4.4.2.tgz",
      "integrity": "sha512-61y8Raevi9EigDgg9NelvT9cUAohiEbUl1LOwQQgOCAaNX62yKny/ddi0uC+FUTm4CzsjhBu+06R+vYgfCYReA==",
      "requires": {
        "vscode-languageserver-protocol": "^3.10.3",
        "vscode-uri": "^1.0.5"
      }
    },
    "vscode-languageserver-protocol": {
      "version": "3.14.1",
      "resolved": "https://registry.npmjs.org/vscode-languageserver-protocol/-/vscode-languageserver-protocol-3.14.1.tgz",
      "integrity": "sha512-IL66BLb2g20uIKog5Y2dQ0IiigW0XKrvmWiOvc0yXw80z3tMEzEnHjaGAb3ENuU7MnQqgnYJ1Cl2l9RvNgDi4g==",
      "requires": {
        "vscode-jsonrpc": "^4.0.0",
        "vscode-languageserver-types": "3.14.0"
      }
    },
    "vscode-languageserver-protocol-foldingprovider": {
      "version": "2.0.1",
      "resolved": "https://registry.npmjs.org/vscode-languageserver-protocol-foldingprovider/-/vscode-languageserver-protocol-foldingprovider-2.0.1.tgz",
      "integrity": "sha512-N8bOS8i0xuQMn/y0bijyefDbOsMl6hiH6LDREYWavTLTM5jbj44EiQfStsbmAv/0eaFKkL/jf5hW7nWwBy2HBw==",
      "requires": {
        "vscode-languageserver-protocol": "^3.7.2",
        "vscode-languageserver-types": "^3.7.2"
      }
    },
    "vscode-languageserver-types": {
      "version": "3.14.0",
      "resolved": "https://registry.npmjs.org/vscode-languageserver-types/-/vscode-languageserver-types-3.14.0.tgz",
      "integrity": "sha512-lTmS6AlAlMHOvPQemVwo3CezxBp0sNB95KNPkqp3Nxd5VFEnuG1ByM0zlRWos0zjO3ZWtkvhal0COgiV1xIA4A=="
    },
    "vscode-nls": {
      "version": "3.2.2",
      "resolved": "http://registry.npmjs.org/vscode-nls/-/vscode-nls-3.2.2.tgz",
      "integrity": "sha512-/Ur1+tgazwd51+ncRyoy0UIu4dvMdVXS9XMUULQlZIBoNGEwOhwEx9x+hHWoUjldMrOQ32t2CGKo0u6D4R6/hg=="
    },
    "vscode-uri": {
      "version": "1.0.6",
      "resolved": "https://registry.npmjs.org/vscode-uri/-/vscode-uri-1.0.6.tgz",
      "integrity": "sha512-sLI2L0uGov3wKVb9EB+vIQBl9tVP90nqRvxSoJ35vI3NjxE8jfsE5DSOhWgSunHSZmKS4OCi2jrtfxK7uyp2ww=="
    },
    "wrappy": {
      "version": "1.0.2",
      "resolved": "https://registry.npmjs.org/wrappy/-/wrappy-1.0.2.tgz",
      "integrity": "sha1-tSQ9jz7BqjXxNkYFvA0QNuMKtp8="
    }
  }
}
